
Microsoft Visual Studio Solution File, Format Version 12.00
# Visual Studio Version 16
VisualStudioVersion = 16.0.29209.62
MinimumVisualStudioVersion = 10.0.40219.1
Project("{FAE04EC0-301F-11D3-BF4B-00C04F79EFBC}") = "CV_06", "CV_06\CV_06.csproj", "{CBF32A39-ECB4-4BF5-9020-4F0237661B4F}"
EndProject
Global
	GlobalSection(SolutionConfigurationPlatforms) = preSolution
		Debug|Any CPU = Debug|Any CPU
		Release|Any CPU = Release|Any CPU
	EndGlobalSection
	GlobalSection(ProjectConfigurationPlatforms) = postSolution
		{CBF32A39-ECB4-4BF5-9020-4F0237661B4F}.Debug|Any CPU.ActiveCfg = Debug|Any CPU
		{CBF32A39-ECB4-4BF5-9020-4F0237661B4F}.Debug|Any CPU.Build.0 = Debug|Any CPU
		{CBF32A39-ECB4-4BF5-9020-4F0237661B4F}.Release|Any CPU.ActiveCfg = Release|Any CPU
		{CBF32A39-ECB4-4BF5-9020-4F0237661B4F}.Release|Any CPU.Build.0 = Release|Any CPU
	EndGlobalSection
	GlobalSection(SolutionProperties) = preSolution
		HideSolutionNode = FALSE
	EndGlobalSection
	GlobalSection(ExtensibilityGlobals) = postSolution
		SolutionGuid = {4DC74BD4-84A2-43FD-B5CF-F5FD680FEE50}
	EndGlobalSection
EndGlobal
