
Microsoft Visual Studio Solution File, Format Version 12.00
# Visual Studio Version 16
VisualStudioVersion = 16.0.29209.62
MinimumVisualStudioVersion = 10.0.40219.1
Project("{FAE04EC0-301F-11D3-BF4B-00C04F79EFBC}") = "HerniPostava", "HerniPostava\HerniPostava.csproj", "{268DF0BC-CC06-4A39-9A1E-8BC9EE2F7FF6}"
EndProject
Global
	GlobalSection(SolutionConfigurationPlatforms) = preSolution
		Debug|Any CPU = Debug|Any CPU
		Release|Any CPU = Release|Any CPU
	EndGlobalSection
	GlobalSection(ProjectConfigurationPlatforms) = postSolution
		{268DF0BC-CC06-4A39-9A1E-8BC9EE2F7FF6}.Debug|Any CPU.ActiveCfg = Debug|Any CPU
		{268DF0BC-CC06-4A39-9A1E-8BC9EE2F7FF6}.Debug|Any CPU.Build.0 = Debug|Any CPU
		{268DF0BC-CC06-4A39-9A1E-8BC9EE2F7FF6}.Release|Any CPU.ActiveCfg = Release|Any CPU
		{268DF0BC-CC06-4A39-9A1E-8BC9EE2F7FF6}.Release|Any CPU.Build.0 = Release|Any CPU
	EndGlobalSection
	GlobalSection(SolutionProperties) = preSolution
		HideSolutionNode = FALSE
	EndGlobalSection
	GlobalSection(ExtensibilityGlobals) = postSolution
		SolutionGuid = {AD2D015E-9560-4BA1-B505-871762AABB55}
	EndGlobalSection
EndGlobal
